
Microsoft Visual Studio Solution File, Format Version 12.00
# Visual Studio Version 17
VisualStudioVersion = 17.0.31903.59
MinimumVisualStudioVersion = 10.0.40219.1
Project("{2150E333-8FDC-42A3-9474-1A3956D46DE8}") = "Solution Items", "Solution Items", "{231CD5A5-44E8-4C62-AB76-D2F9BC05C08C}"
	ProjectSection(SolutionItems) = preProject
		BuildSettings.props = BuildSettings.props
		BuildSettings.targets = BuildSettings.targets
		CleanArchitecture.Blazored.csproj = CleanArchitecture.Blazored.csproj
		.github\workflows\CleanArchitecture.Blazored.Deploy.yml = .github\workflows\CleanArchitecture.Blazored.Deploy.yml
		.github\workflows\CleanArchitecture.Blazored.Dev.yml = .github\workflows\CleanArchitecture.Blazored.Dev.yml
		.github\workflows\CleanArchitecture.Blazored.yml = .github\workflows\CleanArchitecture.Blazored.yml
		LICENSE = LICENSE
		README.md = README.md
	EndProjectSection
EndProject
Project("{2150E333-8FDC-42A3-9474-1A3956D46DE8}") = "Build Settings", "Build Settings", "{95FCDB36-45E1-4BB2-9517-2AD8EA0A2E72}"
	ProjectSection(SolutionItems) = preProject
		BuildSettings\CleanArchitecture.Blazored.props = BuildSettings\CleanArchitecture.Blazored.props
		BuildSettings\CleanArchitecture.Blazored.targets = BuildSettings\CleanArchitecture.Blazored.targets
		BuildSettings\CleanArchitecture.MudBlazored.props = BuildSettings\CleanArchitecture.MudBlazored.props
		BuildSettings\CleanArchitecture.MudBlazored.targets = BuildSettings\CleanArchitecture.MudBlazored.targets
	EndProjectSection
EndProject
Project("{2150E333-8FDC-42A3-9474-1A3956D46DE8}") = "CleanArchitecture.Bootstrap", "CleanArchitecture.Bootstrap", "{FF0A9EF0-5016-49D5-A185-A927E4599B9D}"
EndProject
Project("{2150E333-8FDC-42A3-9474-1A3956D46DE8}") = "src", "src", "{482A2EA1-C8C7-4829-A44C-A743A1D399B1}"
EndProject
Project("{9A19103F-16F7-4668-BE54-9A1E7A4F7556}") = "Application", "content\CleanArchitecture.Blazored\src\Application\Application.csproj", "{5A273704-DE58-4871-9BF7-A6D957B6FD08}"
EndProject
Project("{9A19103F-16F7-4668-BE54-9A1E7A4F7556}") = "Domain", "content\CleanArchitecture.Blazored\src\Domain\Domain.csproj", "{59328F03-F729-422C-BE08-AC57EF0486C6}"
EndProject
Project("{9A19103F-16F7-4668-BE54-9A1E7A4F7556}") = "Infrastructure", "content\CleanArchitecture.Blazored\src\Infrastructure\Infrastructure.csproj", "{415C50ED-86D9-4D56-8723-77BD9E1FC24A}"
EndProject
Project("{2150E333-8FDC-42A3-9474-1A3956D46DE8}") = "WebUi", "WebUi", "{325978A4-1E81-478D-92BE-58FA61B0F556}"
EndProject
Project("{9A19103F-16F7-4668-BE54-9A1E7A4F7556}") = "Shared", "content\CleanArchitecture.Blazored\src\WebUi\Shared\Shared.csproj", "{95B6CEB2-F92A-4420-86BE-4F8CD237C8EA}"
EndProject
Project("{9A19103F-16F7-4668-BE54-9A1E7A4F7556}") = "WebUi", "content\CleanArchitecture.Blazored\src\WebUi\WebUi\WebUi.csproj", "{02F6B9F4-F396-467D-A208-D05C7CB6AF36}"
EndProject
Project("{9A19103F-16F7-4668-BE54-9A1E7A4F7556}") = "WebUi.Client", "content\CleanArchitecture.Blazored\src\WebUi\WebUi.Client\WebUi.Client.csproj", "{11FD34EC-D56C-46E7-8C02-B20EE1F90C55}"
EndProject
Project("{2150E333-8FDC-42A3-9474-1A3956D46DE8}") = "tests", "tests", "{116EA1E9-31A8-4E69-8077-397D72B78A98}"
EndProject
Project("{9A19103F-16F7-4668-BE54-9A1E7A4F7556}") = "Application.IntegrationTests", "content\CleanArchitecture.Blazored\tests\Application.IntegrationTests\Application.IntegrationTests.csproj", "{E09B0F60-C652-442F-A394-9CB6BF34AED0}"
EndProject
Project("{9A19103F-16F7-4668-BE54-9A1E7A4F7556}") = "Application.UnitTests", "content\CleanArchitecture.Blazored\tests\Application.UnitTests\Application.UnitTests.csproj", "{401F4C89-1647-428B-9161-0FFC336512CA}"
EndProject
Project("{9A19103F-16F7-4668-BE54-9A1E7A4F7556}") = "Domain.UnitTests", "content\CleanArchitecture.Blazored\tests\Domain.UnitTests\Domain.UnitTests.csproj", "{5E26164C-17EE-477B-A269-CB30F8D5C0D5}"
EndProject
Project("{9A19103F-16F7-4668-BE54-9A1E7A4F7556}") = "WebUi.AcceptanceTests", "content\CleanArchitecture.Blazored\tests\WebUi.AcceptanceTests\WebUi.AcceptanceTests.csproj", "{C235EF4F-1292-406D-8FC4-C17C9E4FF627}"
EndProject
Project("{2150E333-8FDC-42A3-9474-1A3956D46DE8}") = "Template Items", "Template Items", "{AC7379B8-E9F0-4437-9A19-26E57FCE2DA5}"
	ProjectSection(SolutionItems) = preProject
		content\CleanArchitecture.Blazored\CleanArchitecture.Blazored.sln = content\CleanArchitecture.Blazored\CleanArchitecture.Blazored.sln
		content\CleanArchitecture.Blazored\docker-compose.yml = content\CleanArchitecture.Blazored\docker-compose.yml
		content\CleanArchitecture.Blazored\Dockerfile = content\CleanArchitecture.Blazored\Dockerfile
	EndProjectSection
EndProject
Project("{2150E333-8FDC-42A3-9474-1A3956D46DE8}") = "Project Template", "Project Template", "{B08E33FC-3E63-4143-B9DB-1D8535DE2D7E}"
	ProjectSection(SolutionItems) = preProject
		content\CleanArchitecture.Blazored\.template.config\template.json = content\CleanArchitecture.Blazored\.template.config\template.json
	EndProjectSection
EndProject
Global
	GlobalSection(SolutionConfigurationPlatforms) = preSolution
		Debug|Any CPU = Debug|Any CPU
		Release|Any CPU = Release|Any CPU
	EndGlobalSection
	GlobalSection(ProjectConfigurationPlatforms) = postSolution
		{5A273704-DE58-4871-9BF7-A6D957B6FD08}.Debug|Any CPU.ActiveCfg = Debug|Any CPU
		{5A273704-DE58-4871-9BF7-A6D957B6FD08}.Debug|Any CPU.Build.0 = Debug|Any CPU
		{5A273704-DE58-4871-9BF7-A6D957B6FD08}.Release|Any CPU.ActiveCfg = Release|Any CPU
		{5A273704-DE58-4871-9BF7-A6D957B6FD08}.Release|Any CPU.Build.0 = Release|Any CPU
		{59328F03-F729-422C-BE08-AC57EF0486C6}.Debug|Any CPU.ActiveCfg = Debug|Any CPU
		{59328F03-F729-422C-BE08-AC57EF0486C6}.Debug|Any CPU.Build.0 = Debug|Any CPU
		{59328F03-F729-422C-BE08-AC57EF0486C6}.Release|Any CPU.ActiveCfg = Release|Any CPU
		{59328F03-F729-422C-BE08-AC57EF0486C6}.Release|Any CPU.Build.0 = Release|Any CPU
		{415C50ED-86D9-4D56-8723-77BD9E1FC24A}.Debug|Any CPU.ActiveCfg = Debug|Any CPU
		{415C50ED-86D9-4D56-8723-77BD9E1FC24A}.Debug|Any CPU.Build.0 = Debug|Any CPU
		{415C50ED-86D9-4D56-8723-77BD9E1FC24A}.Release|Any CPU.ActiveCfg = Release|Any CPU
		{415C50ED-86D9-4D56-8723-77BD9E1FC24A}.Release|Any CPU.Build.0 = Release|Any CPU
		{95B6CEB2-F92A-4420-86BE-4F8CD237C8EA}.Debug|Any CPU.ActiveCfg = Debug|Any CPU
		{95B6CEB2-F92A-4420-86BE-4F8CD237C8EA}.Debug|Any CPU.Build.0 = Debug|Any CPU
		{95B6CEB2-F92A-4420-86BE-4F8CD237C8EA}.Release|Any CPU.ActiveCfg = Release|Any CPU
		{95B6CEB2-F92A-4420-86BE-4F8CD237C8EA}.Release|Any CPU.Build.0 = Release|Any CPU
		{02F6B9F4-F396-467D-A208-D05C7CB6AF36}.Debug|Any CPU.ActiveCfg = Debug|Any CPU
		{02F6B9F4-F396-467D-A208-D05C7CB6AF36}.Debug|Any CPU.Build.0 = Debug|Any CPU
		{02F6B9F4-F396-467D-A208-D05C7CB6AF36}.Release|Any CPU.ActiveCfg = Release|Any CPU
		{02F6B9F4-F396-467D-A208-D05C7CB6AF36}.Release|Any CPU.Build.0 = Release|Any CPU
		{11FD34EC-D56C-46E7-8C02-B20EE1F90C55}.Debug|Any CPU.ActiveCfg = Debug|Any CPU
		{11FD34EC-D56C-46E7-8C02-B20EE1F90C55}.Debug|Any CPU.Build.0 = Debug|Any CPU
		{11FD34EC-D56C-46E7-8C02-B20EE1F90C55}.Release|Any CPU.ActiveCfg = Release|Any CPU
		{11FD34EC-D56C-46E7-8C02-B20EE1F90C55}.Release|Any CPU.Build.0 = Release|Any CPU
		{E09B0F60-C652-442F-A394-9CB6BF34AED0}.Debug|Any CPU.ActiveCfg = Debug|Any CPU
		{E09B0F60-C652-442F-A394-9CB6BF34AED0}.Debug|Any CPU.Build.0 = Debug|Any CPU
		{E09B0F60-C652-442F-A394-9CB6BF34AED0}.Release|Any CPU.ActiveCfg = Release|Any CPU
		{E09B0F60-C652-442F-A394-9CB6BF34AED0}.Release|Any CPU.Build.0 = Release|Any CPU
		{401F4C89-1647-428B-9161-0FFC336512CA}.Debug|Any CPU.ActiveCfg = Debug|Any CPU
		{401F4C89-1647-428B-9161-0FFC336512CA}.Debug|Any CPU.Build.0 = Debug|Any CPU
		{401F4C89-1647-428B-9161-0FFC336512CA}.Release|Any CPU.ActiveCfg = Release|Any CPU
		{401F4C89-1647-428B-9161-0FFC336512CA}.Release|Any CPU.Build.0 = Release|Any CPU
		{5E26164C-17EE-477B-A269-CB30F8D5C0D5}.Debug|Any CPU.ActiveCfg = Debug|Any CPU
		{5E26164C-17EE-477B-A269-CB30F8D5C0D5}.Debug|Any CPU.Build.0 = Debug|Any CPU
		{5E26164C-17EE-477B-A269-CB30F8D5C0D5}.Release|Any CPU.ActiveCfg = Release|Any CPU
		{5E26164C-17EE-477B-A269-CB30F8D5C0D5}.Release|Any CPU.Build.0 = Release|Any CPU
		{C235EF4F-1292-406D-8FC4-C17C9E4FF627}.Debug|Any CPU.ActiveCfg = Debug|Any CPU
		{C235EF4F-1292-406D-8FC4-C17C9E4FF627}.Debug|Any CPU.Build.0 = Debug|Any CPU
		{C235EF4F-1292-406D-8FC4-C17C9E4FF627}.Release|Any CPU.ActiveCfg = Release|Any CPU
		{C235EF4F-1292-406D-8FC4-C17C9E4FF627}.Release|Any CPU.Build.0 = Release|Any CPU
	EndGlobalSection
	GlobalSection(SolutionProperties) = preSolution
		HideSolutionNode = FALSE
	EndGlobalSection
	GlobalSection(NestedProjects) = preSolution
		{95FCDB36-45E1-4BB2-9517-2AD8EA0A2E72} = {231CD5A5-44E8-4C62-AB76-D2F9BC05C08C}
		{482A2EA1-C8C7-4829-A44C-A743A1D399B1} = {FF0A9EF0-5016-49D5-A185-A927E4599B9D}
		{5A273704-DE58-4871-9BF7-A6D957B6FD08} = {482A2EA1-C8C7-4829-A44C-A743A1D399B1}
		{59328F03-F729-422C-BE08-AC57EF0486C6} = {482A2EA1-C8C7-4829-A44C-A743A1D399B1}
		{415C50ED-86D9-4D56-8723-77BD9E1FC24A} = {482A2EA1-C8C7-4829-A44C-A743A1D399B1}
		{325978A4-1E81-478D-92BE-58FA61B0F556} = {482A2EA1-C8C7-4829-A44C-A743A1D399B1}
		{95B6CEB2-F92A-4420-86BE-4F8CD237C8EA} = {325978A4-1E81-478D-92BE-58FA61B0F556}
		{02F6B9F4-F396-467D-A208-D05C7CB6AF36} = {325978A4-1E81-478D-92BE-58FA61B0F556}
		{11FD34EC-D56C-46E7-8C02-B20EE1F90C55} = {325978A4-1E81-478D-92BE-58FA61B0F556}
		{116EA1E9-31A8-4E69-8077-397D72B78A98} = {FF0A9EF0-5016-49D5-A185-A927E4599B9D}
		{E09B0F60-C652-442F-A394-9CB6BF34AED0} = {116EA1E9-31A8-4E69-8077-397D72B78A98}
		{401F4C89-1647-428B-9161-0FFC336512CA} = {116EA1E9-31A8-4E69-8077-397D72B78A98}
		{5E26164C-17EE-477B-A269-CB30F8D5C0D5} = {116EA1E9-31A8-4E69-8077-397D72B78A98}
		{C235EF4F-1292-406D-8FC4-C17C9E4FF627} = {116EA1E9-31A8-4E69-8077-397D72B78A98}
		{AC7379B8-E9F0-4437-9A19-26E57FCE2DA5} = {FF0A9EF0-5016-49D5-A185-A927E4599B9D}
		{B08E33FC-3E63-4143-B9DB-1D8535DE2D7E} = {AC7379B8-E9F0-4437-9A19-26E57FCE2DA5}
	EndGlobalSection
	GlobalSection(ExtensibilityGlobals) = postSolution
		SolutionGuid = {E21648D4-C532-447C-9233-32E2BE40946A}
	EndGlobalSection
EndGlobal
