
Microsoft Visual Studio Solution File, Format Version 12.00
# Visual Studio Version 17
VisualStudioVersion = 17.0.31903.59
MinimumVisualStudioVersion = 10.0.40219.1
Project("{FAE04EC0-301F-11D3-BF4B-00C04F79EFBC}") = "CleanArchitecture.Blazored", "src\CleanArchitecture.Blazored.csproj", "{51C964B1-C4F6-48B5-9507-63DB06050296}"
EndProject
Project("{2150E333-8FDC-42A3-9474-1A3956D46DE8}") = "CleanArchitecture.Bootstrap", "CleanArchitecture.Bootstrap", "{FF0A9EF0-5016-49D5-A185-A927E4599B9D}"
EndProject
Project("{2150E333-8FDC-42A3-9474-1A3956D46DE8}") = "src", "src", "{482A2EA1-C8C7-4829-A44C-A743A1D399B1}"
EndProject
Project("{9A19103F-16F7-4668-BE54-9A1E7A4F7556}") = "Application", "src\content\CleanArchitecture.Blazored\src\Application\Application.csproj", "{5A273704-DE58-4871-9BF7-A6D957B6FD08}"
EndProject
Project("{9A19103F-16F7-4668-BE54-9A1E7A4F7556}") = "Domain", "src\content\CleanArchitecture.Blazored\src\Domain\Domain.csproj", "{59328F03-F729-422C-BE08-AC57EF0486C6}"
EndProject
Project("{9A19103F-16F7-4668-BE54-9A1E7A4F7556}") = "Infrastructure", "src\content\CleanArchitecture.Blazored\src\Infrastructure\Infrastructure.csproj", "{415C50ED-86D9-4D56-8723-77BD9E1FC24A}"
EndProject
Project("{2150E333-8FDC-42A3-9474-1A3956D46DE8}") = "WebUi", "WebUi", "{325978A4-1E81-478D-92BE-58FA61B0F556}"
EndProject
Project("{9A19103F-16F7-4668-BE54-9A1E7A4F7556}") = "Shared", "src\content\CleanArchitecture.Blazored\src\WebUi\Shared\Shared.csproj", "{95B6CEB2-F92A-4420-86BE-4F8CD237C8EA}"
EndProject
Project("{9A19103F-16F7-4668-BE54-9A1E7A4F7556}") = "WebUi", "src\content\CleanArchitecture.Blazored\src\WebUi\WebUi\WebUi.csproj", "{02F6B9F4-F396-467D-A208-D05C7CB6AF36}"
EndProject
Project("{9A19103F-16F7-4668-BE54-9A1E7A4F7556}") = "WebUi.Client", "src\content\CleanArchitecture.Blazored\src\WebUi\WebUi.Client\WebUi.Client.csproj", "{11FD34EC-D56C-46E7-8C02-B20EE1F90C55}"
EndProject
Project("{2150E333-8FDC-42A3-9474-1A3956D46DE8}") = "tests", "tests", "{116EA1E9-31A8-4E69-8077-397D72B78A98}"
EndProject
Project("{9A19103F-16F7-4668-BE54-9A1E7A4F7556}") = "Application.IntegrationTests", "src\content\CleanArchitecture.Blazored\tests\Application.IntegrationTests\Application.IntegrationTests.csproj", "{E09B0F60-C652-442F-A394-9CB6BF34AED0}"
EndProject
Project("{9A19103F-16F7-4668-BE54-9A1E7A4F7556}") = "Application.UnitTests", "src\content\CleanArchitecture.Blazored\tests\Application.UnitTests\Application.UnitTests.csproj", "{401F4C89-1647-428B-9161-0FFC336512CA}"
EndProject
Project("{9A19103F-16F7-4668-BE54-9A1E7A4F7556}") = "Domain.UnitTests", "src\content\CleanArchitecture.Blazored\tests\Domain.UnitTests\Domain.UnitTests.csproj", "{5E26164C-17EE-477B-A269-CB30F8D5C0D5}"
EndProject
Project("{9A19103F-16F7-4668-BE54-9A1E7A4F7556}") = "WebUi.AcceptanceTests", "src\content\CleanArchitecture.Blazored\tests\WebUi.AcceptanceTests\WebUi.AcceptanceTests.csproj", "{C235EF4F-1292-406D-8FC4-C17C9E4FF627}"
EndProject
Project("{2150E333-8FDC-42A3-9474-1A3956D46DE8}") = "Template Items", "Template Items", "{AC7379B8-E9F0-4437-9A19-26E57FCE2DA5}"
	ProjectSection(SolutionItems) = preProject
		src\content\CleanArchitecture.Blazored\CleanArchitecture.Blazored.sln = src\content\CleanArchitecture.Blazored\CleanArchitecture.Blazored.sln
		src\content\CleanArchitecture.Blazored\docker-compose.yml = src\content\CleanArchitecture.Blazored\docker-compose.yml
		src\content\CleanArchitecture.Blazored\Dockerfile = src\content\CleanArchitecture.Blazored\Dockerfile
		src\content\CleanArchitecture.Blazored\README.md = src\content\CleanArchitecture.Blazored\README.md
	EndProjectSection
EndProject
Project("{2150E333-8FDC-42A3-9474-1A3956D46DE8}") = "Project Template", "Project Template", "{B08E33FC-3E63-4143-B9DB-1D8535DE2D7E}"
	ProjectSection(SolutionItems) = preProject
		src\content\CleanArchitecture.Blazored\.template.config\template.json = src\content\CleanArchitecture.Blazored\.template.config\template.json
	EndProjectSection
EndProject
Project("{2150E333-8FDC-42A3-9474-1A3956D46DE8}") = "CleanArchitecture.MudBlazor", "CleanArchitecture.MudBlazor", "{2B0B5A20-5D73-435D-B4D1-4B313A80D322}"
EndProject
Project("{2150E333-8FDC-42A3-9474-1A3956D46DE8}") = "Template Items", "Template Items", "{572B87B9-1702-42C0-8F2F-FE5FD9BE2B73}"
	ProjectSection(SolutionItems) = preProject
		src\content\CleanArchitecture.MudBlazored\.gitignore = src\content\CleanArchitecture.MudBlazored\.gitignore
		src\content\CleanArchitecture.MudBlazored\CleanArchitecture.MudBlazored.sln = src\content\CleanArchitecture.MudBlazored\CleanArchitecture.MudBlazored.sln
		src\content\CleanArchitecture.MudBlazored\docker-compose.yml = src\content\CleanArchitecture.MudBlazored\docker-compose.yml
		src\content\CleanArchitecture.MudBlazored\Dockerfile = src\content\CleanArchitecture.MudBlazored\Dockerfile
		src\content\CleanArchitecture.MudBlazored\README.md = src\content\CleanArchitecture.MudBlazored\README.md
		src/content/CleanArchitecture.MudBlazored/tests/WebUi.AcceptanceTests/Pages/Selectors.cs = src/content/CleanArchitecture.MudBlazored/tests/WebUi.AcceptanceTests/Pages/Selectors.cs
	EndProjectSection
EndProject
Project("{2150E333-8FDC-42A3-9474-1A3956D46DE8}") = "Project Template", "Project Template", "{D96E5597-0D19-4610-9377-AB6B7270A980}"
	ProjectSection(SolutionItems) = preProject
		src\content\CleanArchitecture.MudBlazored\.template.config\template.json = src\content\CleanArchitecture.MudBlazored\.template.config\template.json
	EndProjectSection
EndProject
Project("{2150E333-8FDC-42A3-9474-1A3956D46DE8}") = "src", "src", "{BB97D0FF-2CFF-4B00-886E-B5D699854B2E}"
EndProject
Project("{9A19103F-16F7-4668-BE54-9A1E7A4F7556}") = "Application", "src\content\CleanArchitecture.MudBlazored\src\Application\Application.csproj", "{055BA377-9A0C-495E-8F4A-672C57DB7B03}"
EndProject
Project("{9A19103F-16F7-4668-BE54-9A1E7A4F7556}") = "Domain", "src\content\CleanArchitecture.MudBlazored\src\Domain\Domain.csproj", "{D8B8738F-A37D-4F05-9015-F90383D78043}"
EndProject
Project("{9A19103F-16F7-4668-BE54-9A1E7A4F7556}") = "Infrastructure", "src\content\CleanArchitecture.MudBlazored\src\Infrastructure\Infrastructure.csproj", "{6275B70B-E0AA-40EC-9B7B-E26DBEEA6ADA}"
EndProject
Project("{2150E333-8FDC-42A3-9474-1A3956D46DE8}") = "WebUi", "WebUi", "{15E5E3FA-C6E6-4FB8-9874-1F28438E11F0}"
EndProject
Project("{9A19103F-16F7-4668-BE54-9A1E7A4F7556}") = "Shared", "src\content\CleanArchitecture.MudBlazored\src\WebUi\Shared\Shared.csproj", "{D243A31F-9C71-4805-9EDC-0BA7CE041AA9}"
EndProject
Project("{2150E333-8FDC-42A3-9474-1A3956D46DE8}") = "tests", "tests", "{5972311B-0788-40BB-A99B-3F45F2B231F0}"
EndProject
Project("{9A19103F-16F7-4668-BE54-9A1E7A4F7556}") = "Application.IntegrationTests", "src\content\CleanArchitecture.MudBlazored\tests\Application.IntegrationTests\Application.IntegrationTests.csproj", "{490D2A9E-5474-4690-B3F6-A256483A20D9}"
EndProject
Project("{9A19103F-16F7-4668-BE54-9A1E7A4F7556}") = "Application.UnitTests", "src\content\CleanArchitecture.MudBlazored\tests\Application.UnitTests\Application.UnitTests.csproj", "{98BCD122-823D-4E3F-B44E-B4A69824CBFD}"
EndProject
Project("{9A19103F-16F7-4668-BE54-9A1E7A4F7556}") = "Domain.UnitTests", "src\content\CleanArchitecture.MudBlazored\tests\Domain.UnitTests\Domain.UnitTests.csproj", "{D27D4175-37A8-4E21-A9FB-8F988414C6E2}"
EndProject
Project("{9A19103F-16F7-4668-BE54-9A1E7A4F7556}") = "WebUi.AcceptanceTests", "src\content\CleanArchitecture.MudBlazored\tests\WebUi.AcceptanceTests\WebUi.AcceptanceTests.csproj", "{A3F3AC5B-D4FE-4458-9CB7-EFC5D6E46217}"
EndProject
Project("{9A19103F-16F7-4668-BE54-9A1E7A4F7556}") = "WebUi.Client", "src\content\CleanArchitecture.MudBlazored\src\WebUi\WebUi.Client\WebUi.Client.csproj", "{B06239FE-47DE-4406-BB18-1D8BE62A8551}"
EndProject
Project("{9A19103F-16F7-4668-BE54-9A1E7A4F7556}") = "WebUi", "src\content\CleanArchitecture.MudBlazored\src\WebUi\WebUi\WebUi.csproj", "{07719ED4-FA88-4675-87B7-A1124B30A16E}"
EndProject
Project("{2150E333-8FDC-42A3-9474-1A3956D46DE8}") = "src", "src", "{888F0530-A4BE-41CA-A040-82C4A693EFCD}"
EndProject
Project("{2150E333-8FDC-42A3-9474-1A3956D46DE8}") = "content", "content", "{CEF17048-3644-48CA-B1BF-9362FCD75FB4}"
EndProject
Project("{FAE04EC0-301F-11D3-BF4B-00C04F79EFBC}") = "CleanArchitecture.Blazored.MsBuild", "src\CleanArchitecture.Blazored.MsBuild\CleanArchitecture.Blazored.MsBuild.csproj", "{5292A97C-C670-40AB-9554-E3C62C4A914C}"
EndProject
Global
	GlobalSection(SolutionConfigurationPlatforms) = preSolution
		Debug|Any CPU = Debug|Any CPU
		Release|Any CPU = Release|Any CPU
	EndGlobalSection
	GlobalSection(ProjectConfigurationPlatforms) = postSolution
		{5A273704-DE58-4871-9BF7-A6D957B6FD08}.Debug|Any CPU.ActiveCfg = Debug|Any CPU
		{5A273704-DE58-4871-9BF7-A6D957B6FD08}.Debug|Any CPU.Build.0 = Debug|Any CPU
		{5A273704-DE58-4871-9BF7-A6D957B6FD08}.Release|Any CPU.ActiveCfg = Release|Any CPU
		{5A273704-DE58-4871-9BF7-A6D957B6FD08}.Release|Any CPU.Build.0 = Release|Any CPU
		{59328F03-F729-422C-BE08-AC57EF0486C6}.Debug|Any CPU.ActiveCfg = Debug|Any CPU
		{59328F03-F729-422C-BE08-AC57EF0486C6}.Debug|Any CPU.Build.0 = Debug|Any CPU
		{59328F03-F729-422C-BE08-AC57EF0486C6}.Release|Any CPU.ActiveCfg = Release|Any CPU
		{59328F03-F729-422C-BE08-AC57EF0486C6}.Release|Any CPU.Build.0 = Release|Any CPU
		{415C50ED-86D9-4D56-8723-77BD9E1FC24A}.Debug|Any CPU.ActiveCfg = Debug|Any CPU
		{415C50ED-86D9-4D56-8723-77BD9E1FC24A}.Debug|Any CPU.Build.0 = Debug|Any CPU
		{415C50ED-86D9-4D56-8723-77BD9E1FC24A}.Release|Any CPU.ActiveCfg = Release|Any CPU
		{415C50ED-86D9-4D56-8723-77BD9E1FC24A}.Release|Any CPU.Build.0 = Release|Any CPU
		{95B6CEB2-F92A-4420-86BE-4F8CD237C8EA}.Debug|Any CPU.ActiveCfg = Debug|Any CPU
		{95B6CEB2-F92A-4420-86BE-4F8CD237C8EA}.Debug|Any CPU.Build.0 = Debug|Any CPU
		{95B6CEB2-F92A-4420-86BE-4F8CD237C8EA}.Release|Any CPU.ActiveCfg = Release|Any CPU
		{95B6CEB2-F92A-4420-86BE-4F8CD237C8EA}.Release|Any CPU.Build.0 = Release|Any CPU
		{02F6B9F4-F396-467D-A208-D05C7CB6AF36}.Debug|Any CPU.ActiveCfg = Debug|Any CPU
		{02F6B9F4-F396-467D-A208-D05C7CB6AF36}.Debug|Any CPU.Build.0 = Debug|Any CPU
		{02F6B9F4-F396-467D-A208-D05C7CB6AF36}.Release|Any CPU.ActiveCfg = Release|Any CPU
		{02F6B9F4-F396-467D-A208-D05C7CB6AF36}.Release|Any CPU.Build.0 = Release|Any CPU
		{11FD34EC-D56C-46E7-8C02-B20EE1F90C55}.Debug|Any CPU.ActiveCfg = Debug|Any CPU
		{11FD34EC-D56C-46E7-8C02-B20EE1F90C55}.Debug|Any CPU.Build.0 = Debug|Any CPU
		{11FD34EC-D56C-46E7-8C02-B20EE1F90C55}.Release|Any CPU.ActiveCfg = Release|Any CPU
		{11FD34EC-D56C-46E7-8C02-B20EE1F90C55}.Release|Any CPU.Build.0 = Release|Any CPU
		{E09B0F60-C652-442F-A394-9CB6BF34AED0}.Debug|Any CPU.ActiveCfg = Debug|Any CPU
		{E09B0F60-C652-442F-A394-9CB6BF34AED0}.Debug|Any CPU.Build.0 = Debug|Any CPU
		{E09B0F60-C652-442F-A394-9CB6BF34AED0}.Release|Any CPU.ActiveCfg = Release|Any CPU
		{E09B0F60-C652-442F-A394-9CB6BF34AED0}.Release|Any CPU.Build.0 = Release|Any CPU
		{401F4C89-1647-428B-9161-0FFC336512CA}.Debug|Any CPU.ActiveCfg = Debug|Any CPU
		{401F4C89-1647-428B-9161-0FFC336512CA}.Debug|Any CPU.Build.0 = Debug|Any CPU
		{401F4C89-1647-428B-9161-0FFC336512CA}.Release|Any CPU.ActiveCfg = Release|Any CPU
		{401F4C89-1647-428B-9161-0FFC336512CA}.Release|Any CPU.Build.0 = Release|Any CPU
		{5E26164C-17EE-477B-A269-CB30F8D5C0D5}.Debug|Any CPU.ActiveCfg = Debug|Any CPU
		{5E26164C-17EE-477B-A269-CB30F8D5C0D5}.Debug|Any CPU.Build.0 = Debug|Any CPU
		{5E26164C-17EE-477B-A269-CB30F8D5C0D5}.Release|Any CPU.ActiveCfg = Release|Any CPU
		{5E26164C-17EE-477B-A269-CB30F8D5C0D5}.Release|Any CPU.Build.0 = Release|Any CPU
		{C235EF4F-1292-406D-8FC4-C17C9E4FF627}.Debug|Any CPU.ActiveCfg = Debug|Any CPU
		{C235EF4F-1292-406D-8FC4-C17C9E4FF627}.Debug|Any CPU.Build.0 = Debug|Any CPU
		{C235EF4F-1292-406D-8FC4-C17C9E4FF627}.Release|Any CPU.ActiveCfg = Release|Any CPU
		{C235EF4F-1292-406D-8FC4-C17C9E4FF627}.Release|Any CPU.Build.0 = Release|Any CPU
		{055BA377-9A0C-495E-8F4A-672C57DB7B03}.Debug|Any CPU.ActiveCfg = Debug|Any CPU
		{055BA377-9A0C-495E-8F4A-672C57DB7B03}.Debug|Any CPU.Build.0 = Debug|Any CPU
		{055BA377-9A0C-495E-8F4A-672C57DB7B03}.Release|Any CPU.ActiveCfg = Release|Any CPU
		{055BA377-9A0C-495E-8F4A-672C57DB7B03}.Release|Any CPU.Build.0 = Release|Any CPU
		{D8B8738F-A37D-4F05-9015-F90383D78043}.Debug|Any CPU.ActiveCfg = Debug|Any CPU
		{D8B8738F-A37D-4F05-9015-F90383D78043}.Debug|Any CPU.Build.0 = Debug|Any CPU
		{D8B8738F-A37D-4F05-9015-F90383D78043}.Release|Any CPU.ActiveCfg = Release|Any CPU
		{D8B8738F-A37D-4F05-9015-F90383D78043}.Release|Any CPU.Build.0 = Release|Any CPU
		{6275B70B-E0AA-40EC-9B7B-E26DBEEA6ADA}.Debug|Any CPU.ActiveCfg = Debug|Any CPU
		{6275B70B-E0AA-40EC-9B7B-E26DBEEA6ADA}.Debug|Any CPU.Build.0 = Debug|Any CPU
		{6275B70B-E0AA-40EC-9B7B-E26DBEEA6ADA}.Release|Any CPU.ActiveCfg = Release|Any CPU
		{6275B70B-E0AA-40EC-9B7B-E26DBEEA6ADA}.Release|Any CPU.Build.0 = Release|Any CPU
		{D243A31F-9C71-4805-9EDC-0BA7CE041AA9}.Debug|Any CPU.ActiveCfg = Debug|Any CPU
		{D243A31F-9C71-4805-9EDC-0BA7CE041AA9}.Debug|Any CPU.Build.0 = Debug|Any CPU
		{D243A31F-9C71-4805-9EDC-0BA7CE041AA9}.Release|Any CPU.ActiveCfg = Release|Any CPU
		{D243A31F-9C71-4805-9EDC-0BA7CE041AA9}.Release|Any CPU.Build.0 = Release|Any CPU
		{490D2A9E-5474-4690-B3F6-A256483A20D9}.Debug|Any CPU.ActiveCfg = Debug|Any CPU
		{490D2A9E-5474-4690-B3F6-A256483A20D9}.Debug|Any CPU.Build.0 = Debug|Any CPU
		{490D2A9E-5474-4690-B3F6-A256483A20D9}.Release|Any CPU.ActiveCfg = Release|Any CPU
		{490D2A9E-5474-4690-B3F6-A256483A20D9}.Release|Any CPU.Build.0 = Release|Any CPU
		{98BCD122-823D-4E3F-B44E-B4A69824CBFD}.Debug|Any CPU.ActiveCfg = Debug|Any CPU
		{98BCD122-823D-4E3F-B44E-B4A69824CBFD}.Debug|Any CPU.Build.0 = Debug|Any CPU
		{98BCD122-823D-4E3F-B44E-B4A69824CBFD}.Release|Any CPU.ActiveCfg = Release|Any CPU
		{98BCD122-823D-4E3F-B44E-B4A69824CBFD}.Release|Any CPU.Build.0 = Release|Any CPU
		{D27D4175-37A8-4E21-A9FB-8F988414C6E2}.Debug|Any CPU.ActiveCfg = Debug|Any CPU
		{D27D4175-37A8-4E21-A9FB-8F988414C6E2}.Debug|Any CPU.Build.0 = Debug|Any CPU
		{D27D4175-37A8-4E21-A9FB-8F988414C6E2}.Release|Any CPU.ActiveCfg = Release|Any CPU
		{D27D4175-37A8-4E21-A9FB-8F988414C6E2}.Release|Any CPU.Build.0 = Release|Any CPU
		{A3F3AC5B-D4FE-4458-9CB7-EFC5D6E46217}.Debug|Any CPU.ActiveCfg = Debug|Any CPU
		{A3F3AC5B-D4FE-4458-9CB7-EFC5D6E46217}.Debug|Any CPU.Build.0 = Debug|Any CPU
		{A3F3AC5B-D4FE-4458-9CB7-EFC5D6E46217}.Release|Any CPU.ActiveCfg = Release|Any CPU
		{A3F3AC5B-D4FE-4458-9CB7-EFC5D6E46217}.Release|Any CPU.Build.0 = Release|Any CPU
		{B06239FE-47DE-4406-BB18-1D8BE62A8551}.Debug|Any CPU.ActiveCfg = Debug|Any CPU
		{B06239FE-47DE-4406-BB18-1D8BE62A8551}.Debug|Any CPU.Build.0 = Debug|Any CPU
		{B06239FE-47DE-4406-BB18-1D8BE62A8551}.Release|Any CPU.ActiveCfg = Release|Any CPU
		{B06239FE-47DE-4406-BB18-1D8BE62A8551}.Release|Any CPU.Build.0 = Release|Any CPU
		{07719ED4-FA88-4675-87B7-A1124B30A16E}.Debug|Any CPU.ActiveCfg = Debug|Any CPU
		{07719ED4-FA88-4675-87B7-A1124B30A16E}.Debug|Any CPU.Build.0 = Debug|Any CPU
		{07719ED4-FA88-4675-87B7-A1124B30A16E}.Release|Any CPU.ActiveCfg = Release|Any CPU
		{07719ED4-FA88-4675-87B7-A1124B30A16E}.Release|Any CPU.Build.0 = Release|Any CPU
		{51C964B1-C4F6-48B5-9507-63DB06050296}.Debug|Any CPU.ActiveCfg = Debug|Any CPU
		{51C964B1-C4F6-48B5-9507-63DB06050296}.Debug|Any CPU.Build.0 = Debug|Any CPU
		{51C964B1-C4F6-48B5-9507-63DB06050296}.Release|Any CPU.ActiveCfg = Release|Any CPU
		{51C964B1-C4F6-48B5-9507-63DB06050296}.Release|Any CPU.Build.0 = Release|Any CPU
		{5292A97C-C670-40AB-9554-E3C62C4A914C}.Debug|Any CPU.ActiveCfg = Debug|Any CPU
		{5292A97C-C670-40AB-9554-E3C62C4A914C}.Debug|Any CPU.Build.0 = Debug|Any CPU
		{5292A97C-C670-40AB-9554-E3C62C4A914C}.Release|Any CPU.ActiveCfg = Release|Any CPU
		{5292A97C-C670-40AB-9554-E3C62C4A914C}.Release|Any CPU.Build.0 = Release|Any CPU
	EndGlobalSection
	GlobalSection(SolutionProperties) = preSolution
		HideSolutionNode = FALSE
	EndGlobalSection
	GlobalSection(NestedProjects) = preSolution
		{482A2EA1-C8C7-4829-A44C-A743A1D399B1} = {FF0A9EF0-5016-49D5-A185-A927E4599B9D}
		{5A273704-DE58-4871-9BF7-A6D957B6FD08} = {482A2EA1-C8C7-4829-A44C-A743A1D399B1}
		{59328F03-F729-422C-BE08-AC57EF0486C6} = {482A2EA1-C8C7-4829-A44C-A743A1D399B1}
		{415C50ED-86D9-4D56-8723-77BD9E1FC24A} = {482A2EA1-C8C7-4829-A44C-A743A1D399B1}
		{325978A4-1E81-478D-92BE-58FA61B0F556} = {482A2EA1-C8C7-4829-A44C-A743A1D399B1}
		{95B6CEB2-F92A-4420-86BE-4F8CD237C8EA} = {325978A4-1E81-478D-92BE-58FA61B0F556}
		{02F6B9F4-F396-467D-A208-D05C7CB6AF36} = {325978A4-1E81-478D-92BE-58FA61B0F556}
		{11FD34EC-D56C-46E7-8C02-B20EE1F90C55} = {325978A4-1E81-478D-92BE-58FA61B0F556}
		{116EA1E9-31A8-4E69-8077-397D72B78A98} = {FF0A9EF0-5016-49D5-A185-A927E4599B9D}
		{E09B0F60-C652-442F-A394-9CB6BF34AED0} = {116EA1E9-31A8-4E69-8077-397D72B78A98}
		{401F4C89-1647-428B-9161-0FFC336512CA} = {116EA1E9-31A8-4E69-8077-397D72B78A98}
		{5E26164C-17EE-477B-A269-CB30F8D5C0D5} = {116EA1E9-31A8-4E69-8077-397D72B78A98}
		{C235EF4F-1292-406D-8FC4-C17C9E4FF627} = {116EA1E9-31A8-4E69-8077-397D72B78A98}
		{AC7379B8-E9F0-4437-9A19-26E57FCE2DA5} = {FF0A9EF0-5016-49D5-A185-A927E4599B9D}
		{B08E33FC-3E63-4143-B9DB-1D8535DE2D7E} = {AC7379B8-E9F0-4437-9A19-26E57FCE2DA5}
		{572B87B9-1702-42C0-8F2F-FE5FD9BE2B73} = {2B0B5A20-5D73-435D-B4D1-4B313A80D322}
		{D96E5597-0D19-4610-9377-AB6B7270A980} = {572B87B9-1702-42C0-8F2F-FE5FD9BE2B73}
		{BB97D0FF-2CFF-4B00-886E-B5D699854B2E} = {2B0B5A20-5D73-435D-B4D1-4B313A80D322}
		{055BA377-9A0C-495E-8F4A-672C57DB7B03} = {BB97D0FF-2CFF-4B00-886E-B5D699854B2E}
		{D8B8738F-A37D-4F05-9015-F90383D78043} = {BB97D0FF-2CFF-4B00-886E-B5D699854B2E}
		{6275B70B-E0AA-40EC-9B7B-E26DBEEA6ADA} = {BB97D0FF-2CFF-4B00-886E-B5D699854B2E}
		{15E5E3FA-C6E6-4FB8-9874-1F28438E11F0} = {BB97D0FF-2CFF-4B00-886E-B5D699854B2E}
		{D243A31F-9C71-4805-9EDC-0BA7CE041AA9} = {15E5E3FA-C6E6-4FB8-9874-1F28438E11F0}
		{5972311B-0788-40BB-A99B-3F45F2B231F0} = {2B0B5A20-5D73-435D-B4D1-4B313A80D322}
		{490D2A9E-5474-4690-B3F6-A256483A20D9} = {5972311B-0788-40BB-A99B-3F45F2B231F0}
		{98BCD122-823D-4E3F-B44E-B4A69824CBFD} = {5972311B-0788-40BB-A99B-3F45F2B231F0}
		{D27D4175-37A8-4E21-A9FB-8F988414C6E2} = {5972311B-0788-40BB-A99B-3F45F2B231F0}
		{A3F3AC5B-D4FE-4458-9CB7-EFC5D6E46217} = {5972311B-0788-40BB-A99B-3F45F2B231F0}
		{B06239FE-47DE-4406-BB18-1D8BE62A8551} = {15E5E3FA-C6E6-4FB8-9874-1F28438E11F0}
		{07719ED4-FA88-4675-87B7-A1124B30A16E} = {15E5E3FA-C6E6-4FB8-9874-1F28438E11F0}
		{51C964B1-C4F6-48B5-9507-63DB06050296} = {888F0530-A4BE-41CA-A040-82C4A693EFCD}
		{CEF17048-3644-48CA-B1BF-9362FCD75FB4} = {888F0530-A4BE-41CA-A040-82C4A693EFCD}
		{FF0A9EF0-5016-49D5-A185-A927E4599B9D} = {CEF17048-3644-48CA-B1BF-9362FCD75FB4}
		{2B0B5A20-5D73-435D-B4D1-4B313A80D322} = {CEF17048-3644-48CA-B1BF-9362FCD75FB4}
		{5292A97C-C670-40AB-9554-E3C62C4A914C} = {888F0530-A4BE-41CA-A040-82C4A693EFCD}
	EndGlobalSection
	GlobalSection(ExtensibilityGlobals) = postSolution
		SolutionGuid = {E21648D4-C532-447C-9233-32E2BE40946A}
	EndGlobalSection
EndGlobal
