
Microsoft Visual Studio Solution File, Format Version 12.00
# Visual Studio Version 17
VisualStudioVersion = 17.0.31903.59
MinimumVisualStudioVersion = 10.0.40219.1
Project("{2150E333-8FDC-42A3-9474-1A3956D46DE8}") = "src", "src", "{8FAE5934-5135-4834-B6FF-C23ECA276DB2}"
EndProject
Project("{2150E333-8FDC-42A3-9474-1A3956D46DE8}") = "WebUi", "WebUi", "{6BFAC95E-5E81-420F-B446-CAE6EC2686E1}"
EndProject
Project("{FAE04EC0-301F-11D3-BF4B-00C04F79EFBC}") = "WebUi", "src\WebUi\WebUi\WebUi.csproj", "{238B761E-0845-41CD-9D4E-3F3B33F83C69}"
EndProject
Project("{FAE04EC0-301F-11D3-BF4B-00C04F79EFBC}") = "WebUi.Client", "src\WebUi\WebUi.Client\WebUi.Client.csproj", "{F463CEBD-2068-451B-A228-0E863DC3883F}"
EndProject
Project("{FAE04EC0-301F-11D3-BF4B-00C04F79EFBC}") = "Shared", "src\WebUi\Shared\Shared.csproj", "{01462CB1-FEB4-4BB3-9598-1D50D008DF2A}"
EndProject
Project("{FAE04EC0-301F-11D3-BF4B-00C04F79EFBC}") = "Application", "src\Application\Application.csproj", "{DE00ED80-1FBD-43AC-9C22-DE618782E23F}"
EndProject
Project("{FAE04EC0-301F-11D3-BF4B-00C04F79EFBC}") = "Domain", "src\Domain\Domain.csproj", "{C2F8DD78-B052-437D-AE84-E0C81733AF21}"
EndProject
Project("{FAE04EC0-301F-11D3-BF4B-00C04F79EFBC}") = "Infrastructure", "src\Infrastructure\Infrastructure.csproj", "{BE4C5793-839A-4201-AEB2-822F94B5A6C2}"
EndProject
Project("{2150E333-8FDC-42A3-9474-1A3956D46DE8}") = "tests", "tests", "{B2141B57-5177-465B-9EE9-624B89310E04}"
EndProject
Project("{FAE04EC0-301F-11D3-BF4B-00C04F79EFBC}") = "Application.IntegrationTests", "tests\Application.IntegrationTests\Application.IntegrationTests.csproj", "{CE8192F9-FF2E-4AA1-818B-9303113CD355}"
EndProject
Project("{FAE04EC0-301F-11D3-BF4B-00C04F79EFBC}") = "Application.UnitTests", "tests\Application.UnitTests\Application.UnitTests.csproj", "{E473B969-89DA-452E-8E3D-0090B17E2A30}"
EndProject
Project("{FAE04EC0-301F-11D3-BF4B-00C04F79EFBC}") = "Domain.UnitTests", "tests\Domain.UnitTests\Domain.UnitTests.csproj", "{3B41D741-D794-4ADE-889A-D1E393D206E4}"
EndProject
Project("{FAE04EC0-301F-11D3-BF4B-00C04F79EFBC}") = "WebUi.AcceptanceTests", "tests\WebUi.AcceptanceTests\WebUi.AcceptanceTests.csproj", "{834201AE-03FC-4C0E-A0AF-FB618B63A115}"
EndProject
Project("{2150E333-8FDC-42A3-9474-1A3956D46DE8}") = "SolutionItem", "SolutionItem", "{BECC182E-8F1D-4E3A-9683-82F0343CC8E3}"
    ProjectSection(SolutionItems) = preProject
        docker-compose = docker-compose.yml
        Dockerfile = dockerfile
    EndProjectSection
EndProject
Global
	GlobalSection(SolutionConfigurationPlatforms) = preSolution
		Debug|Any CPU = Debug|Any CPU
		Release|Any CPU = Release|Any CPU
	EndGlobalSection
	GlobalSection(SolutionProperties) = preSolution
		HideSolutionNode = FALSE
	EndGlobalSection
	GlobalSection(ProjectConfigurationPlatforms) = postSolution
		{238B761E-0845-41CD-9D4E-3F3B33F83C69}.Debug|Any CPU.ActiveCfg = Debug|Any CPU
		{238B761E-0845-41CD-9D4E-3F3B33F83C69}.Debug|Any CPU.Build.0 = Debug|Any CPU
		{238B761E-0845-41CD-9D4E-3F3B33F83C69}.Release|Any CPU.ActiveCfg = Release|Any CPU
		{238B761E-0845-41CD-9D4E-3F3B33F83C69}.Release|Any CPU.Build.0 = Release|Any CPU
		{F463CEBD-2068-451B-A228-0E863DC3883F}.Debug|Any CPU.ActiveCfg = Debug|Any CPU
		{F463CEBD-2068-451B-A228-0E863DC3883F}.Debug|Any CPU.Build.0 = Debug|Any CPU
		{F463CEBD-2068-451B-A228-0E863DC3883F}.Release|Any CPU.ActiveCfg = Release|Any CPU
		{F463CEBD-2068-451B-A228-0E863DC3883F}.Release|Any CPU.Build.0 = Release|Any CPU
		{01462CB1-FEB4-4BB3-9598-1D50D008DF2A}.Debug|Any CPU.ActiveCfg = Debug|Any CPU
		{01462CB1-FEB4-4BB3-9598-1D50D008DF2A}.Debug|Any CPU.Build.0 = Debug|Any CPU
		{01462CB1-FEB4-4BB3-9598-1D50D008DF2A}.Release|Any CPU.ActiveCfg = Release|Any CPU
		{01462CB1-FEB4-4BB3-9598-1D50D008DF2A}.Release|Any CPU.Build.0 = Release|Any CPU
		{DE00ED80-1FBD-43AC-9C22-DE618782E23F}.Debug|Any CPU.ActiveCfg = Debug|Any CPU
		{DE00ED80-1FBD-43AC-9C22-DE618782E23F}.Debug|Any CPU.Build.0 = Debug|Any CPU
		{DE00ED80-1FBD-43AC-9C22-DE618782E23F}.Release|Any CPU.ActiveCfg = Release|Any CPU
		{DE00ED80-1FBD-43AC-9C22-DE618782E23F}.Release|Any CPU.Build.0 = Release|Any CPU
		{C2F8DD78-B052-437D-AE84-E0C81733AF21}.Debug|Any CPU.ActiveCfg = Debug|Any CPU
		{C2F8DD78-B052-437D-AE84-E0C81733AF21}.Debug|Any CPU.Build.0 = Debug|Any CPU
		{C2F8DD78-B052-437D-AE84-E0C81733AF21}.Release|Any CPU.ActiveCfg = Release|Any CPU
		{C2F8DD78-B052-437D-AE84-E0C81733AF21}.Release|Any CPU.Build.0 = Release|Any CPU
		{BE4C5793-839A-4201-AEB2-822F94B5A6C2}.Debug|Any CPU.ActiveCfg = Debug|Any CPU
		{BE4C5793-839A-4201-AEB2-822F94B5A6C2}.Debug|Any CPU.Build.0 = Debug|Any CPU
		{BE4C5793-839A-4201-AEB2-822F94B5A6C2}.Release|Any CPU.ActiveCfg = Release|Any CPU
		{BE4C5793-839A-4201-AEB2-822F94B5A6C2}.Release|Any CPU.Build.0 = Release|Any CPU
		{CE8192F9-FF2E-4AA1-818B-9303113CD355}.Debug|Any CPU.ActiveCfg = Debug|Any CPU
		{CE8192F9-FF2E-4AA1-818B-9303113CD355}.Debug|Any CPU.Build.0 = Debug|Any CPU
		{CE8192F9-FF2E-4AA1-818B-9303113CD355}.Release|Any CPU.ActiveCfg = Release|Any CPU
		{CE8192F9-FF2E-4AA1-818B-9303113CD355}.Release|Any CPU.Build.0 = Release|Any CPU
		{E473B969-89DA-452E-8E3D-0090B17E2A30}.Debug|Any CPU.ActiveCfg = Debug|Any CPU
		{E473B969-89DA-452E-8E3D-0090B17E2A30}.Debug|Any CPU.Build.0 = Debug|Any CPU
		{E473B969-89DA-452E-8E3D-0090B17E2A30}.Release|Any CPU.ActiveCfg = Release|Any CPU
		{E473B969-89DA-452E-8E3D-0090B17E2A30}.Release|Any CPU.Build.0 = Release|Any CPU
		{3B41D741-D794-4ADE-889A-D1E393D206E4}.Debug|Any CPU.ActiveCfg = Debug|Any CPU
		{3B41D741-D794-4ADE-889A-D1E393D206E4}.Debug|Any CPU.Build.0 = Debug|Any CPU
		{3B41D741-D794-4ADE-889A-D1E393D206E4}.Release|Any CPU.ActiveCfg = Release|Any CPU
		{3B41D741-D794-4ADE-889A-D1E393D206E4}.Release|Any CPU.Build.0 = Release|Any CPU
		{834201AE-03FC-4C0E-A0AF-FB618B63A115}.Debug|Any CPU.ActiveCfg = Debug|Any CPU
		{834201AE-03FC-4C0E-A0AF-FB618B63A115}.Debug|Any CPU.Build.0 = Debug|Any CPU
		{834201AE-03FC-4C0E-A0AF-FB618B63A115}.Release|Any CPU.ActiveCfg = Release|Any CPU
		{834201AE-03FC-4C0E-A0AF-FB618B63A115}.Release|Any CPU.Build.0 = Release|Any CPU
	EndGlobalSection
	GlobalSection(NestedProjects) = preSolution
		{6BFAC95E-5E81-420F-B446-CAE6EC2686E1} = {8FAE5934-5135-4834-B6FF-C23ECA276DB2}
		{238B761E-0845-41CD-9D4E-3F3B33F83C69} = {6BFAC95E-5E81-420F-B446-CAE6EC2686E1}
		{F463CEBD-2068-451B-A228-0E863DC3883F} = {6BFAC95E-5E81-420F-B446-CAE6EC2686E1}
		{01462CB1-FEB4-4BB3-9598-1D50D008DF2A} = {6BFAC95E-5E81-420F-B446-CAE6EC2686E1}
		{DE00ED80-1FBD-43AC-9C22-DE618782E23F} = {8FAE5934-5135-4834-B6FF-C23ECA276DB2}
		{C2F8DD78-B052-437D-AE84-E0C81733AF21} = {8FAE5934-5135-4834-B6FF-C23ECA276DB2}
		{BE4C5793-839A-4201-AEB2-822F94B5A6C2} = {8FAE5934-5135-4834-B6FF-C23ECA276DB2}
		{CE8192F9-FF2E-4AA1-818B-9303113CD355} = {B2141B57-5177-465B-9EE9-624B89310E04}
		{E473B969-89DA-452E-8E3D-0090B17E2A30} = {B2141B57-5177-465B-9EE9-624B89310E04}
		{3B41D741-D794-4ADE-889A-D1E393D206E4} = {B2141B57-5177-465B-9EE9-624B89310E04}
		{834201AE-03FC-4C0E-A0AF-FB618B63A115} = {B2141B57-5177-465B-9EE9-624B89310E04}
	EndGlobalSection
EndGlobal
