
Microsoft Visual Studio Solution File, Format Version 12.00
# Visual Studio Version 17
VisualStudioVersion = 17.0.31903.59
MinimumVisualStudioVersion = 10.0.40219.1
Project("{2150E333-8FDC-42A3-9474-1A3956D46DE8}") = "src", "src", "{8FAE5934-5135-4834-B6FF-C23ECA276DB2}"
EndProject
Project("{2150E333-8FDC-42A3-9474-1A3956D46DE8}") = "MobileUi", "MobileUi", "{6BFAC95E-5E81-420F-B446-CAE6EC2686E1}"
EndProject
Project("{FAE04EC0-301F-11D3-BF4B-00C04F79EFBC}") = "Shared", "src\MobileUi\Shared\Shared.csproj", "{01462CB1-FEB4-4BB3-9598-1D50D008DF2A}"
EndProject
Project("{FAE04EC0-301F-11D3-BF4B-00C04F79EFBC}") = "Application", "src\Application\Application.csproj", "{DE00ED80-1FBD-43AC-9C22-DE618782E23F}"
EndProject
Project("{FAE04EC0-301F-11D3-BF4B-00C04F79EFBC}") = "Domain", "src\Domain\Domain.csproj", "{C2F8DD78-B052-437D-AE84-E0C81733AF21}"
EndProject
Project("{FAE04EC0-301F-11D3-BF4B-00C04F79EFBC}") = "Infrastructure", "src\Infrastructure\Infrastructure.csproj", "{BE4C5793-839A-4201-AEB2-822F94B5A6C2}"
EndProject
Project("{2150E333-8FDC-42A3-9474-1A3956D46DE8}") = "tests", "tests", "{B2141B57-5177-465B-9EE9-624B89310E04}"
EndProject
Project("{FAE04EC0-301F-11D3-BF4B-00C04F79EFBC}") = "Application.IntegrationTests", "tests\Application.IntegrationTests\Application.IntegrationTests.csproj", "{CE8192F9-FF2E-4AA1-818B-9303113CD355}"
EndProject
Project("{FAE04EC0-301F-11D3-BF4B-00C04F79EFBC}") = "Application.UnitTests", "tests\Application.UnitTests\Application.UnitTests.csproj", "{E473B969-89DA-452E-8E3D-0090B17E2A30}"
EndProject
Project("{FAE04EC0-301F-11D3-BF4B-00C04F79EFBC}") = "Domain.UnitTests", "tests\Domain.UnitTests\Domain.UnitTests.csproj", "{3B41D741-D794-4ADE-889A-D1E393D206E4}"
EndProject
Project("{2150E333-8FDC-42A3-9474-1A3956D46DE8}") = "SolutionItem", "SolutionItem", "{BECC182E-8F1D-4E3A-9683-82F0343CC8E3}"
				ProjectSection(SolutionItems) = preProject
								docker-compose = docker-compose.yml
								Dockerfile = dockerfile
					.gitignore = .gitignore
					README.md = README.md
				EndProjectSection
EndProject
Project("{FAE04EC0-301F-11D3-BF4B-00C04F79EFBC}") = "WebApi", "src\MobileUi\WebApi\WebApi.csproj", "{367EB8A9-8C15-4672-8EF4-6F515DA2F689}"
EndProject
Project("{FAE04EC0-301F-11D3-BF4B-00C04F79EFBC}") = "Infrastructure.Shared", "src\Infrastructure.Shared\Infrastructure.Shared.csproj", "{63F339B0-5C06-478F-B6F3-6F7B2839AAC9}"
EndProject
Project("{FAE04EC0-301F-11D3-BF4B-00C04F79EFBC}") = "Infrastructure.IdentityServer", "src\Infrastructure.IdentityServer\Infrastructure.IdentityServer.csproj", "{6A7D85AB-DD8E-41CE-8436-F15AC63AD399}"
EndProject
Project("{FAE04EC0-301F-11D3-BF4B-00C04F79EFBC}") = "IdentityServer", "src\MobileUi\IdentityServer\IdentityServer.csproj", "{817AF5CC-5B45-47F6-A6EF-6675D1635C1C}"
EndProject
Project("{FAE04EC0-301F-11D3-BF4B-00C04F79EFBC}") = "Mobile", "src\MobileUi\Mobile\Mobile.csproj", "{CD2F983A-60EA-494C-83C0-B5EB066E274B}"
EndProject
Global
	GlobalSection(SolutionConfigurationPlatforms) = preSolution
		Debug|Any CPU = Debug|Any CPU
		Release|Any CPU = Release|Any CPU
	EndGlobalSection
	GlobalSection(SolutionProperties) = preSolution
		HideSolutionNode = FALSE
	EndGlobalSection
	GlobalSection(ProjectConfigurationPlatforms) = postSolution
		{01462CB1-FEB4-4BB3-9598-1D50D008DF2A}.Debug|Any CPU.ActiveCfg = Debug|Any CPU
		{01462CB1-FEB4-4BB3-9598-1D50D008DF2A}.Debug|Any CPU.Build.0 = Debug|Any CPU
		{01462CB1-FEB4-4BB3-9598-1D50D008DF2A}.Release|Any CPU.ActiveCfg = Release|Any CPU
		{01462CB1-FEB4-4BB3-9598-1D50D008DF2A}.Release|Any CPU.Build.0 = Release|Any CPU
		{DE00ED80-1FBD-43AC-9C22-DE618782E23F}.Debug|Any CPU.ActiveCfg = Debug|Any CPU
		{DE00ED80-1FBD-43AC-9C22-DE618782E23F}.Debug|Any CPU.Build.0 = Debug|Any CPU
		{DE00ED80-1FBD-43AC-9C22-DE618782E23F}.Release|Any CPU.ActiveCfg = Release|Any CPU
		{DE00ED80-1FBD-43AC-9C22-DE618782E23F}.Release|Any CPU.Build.0 = Release|Any CPU
		{C2F8DD78-B052-437D-AE84-E0C81733AF21}.Debug|Any CPU.ActiveCfg = Debug|Any CPU
		{C2F8DD78-B052-437D-AE84-E0C81733AF21}.Debug|Any CPU.Build.0 = Debug|Any CPU
		{C2F8DD78-B052-437D-AE84-E0C81733AF21}.Release|Any CPU.ActiveCfg = Release|Any CPU
		{C2F8DD78-B052-437D-AE84-E0C81733AF21}.Release|Any CPU.Build.0 = Release|Any CPU
		{BE4C5793-839A-4201-AEB2-822F94B5A6C2}.Debug|Any CPU.ActiveCfg = Debug|Any CPU
		{BE4C5793-839A-4201-AEB2-822F94B5A6C2}.Debug|Any CPU.Build.0 = Debug|Any CPU
		{BE4C5793-839A-4201-AEB2-822F94B5A6C2}.Release|Any CPU.ActiveCfg = Release|Any CPU
		{BE4C5793-839A-4201-AEB2-822F94B5A6C2}.Release|Any CPU.Build.0 = Release|Any CPU
		{CE8192F9-FF2E-4AA1-818B-9303113CD355}.Debug|Any CPU.ActiveCfg = Debug|Any CPU
		{CE8192F9-FF2E-4AA1-818B-9303113CD355}.Debug|Any CPU.Build.0 = Debug|Any CPU
		{CE8192F9-FF2E-4AA1-818B-9303113CD355}.Release|Any CPU.ActiveCfg = Release|Any CPU
		{CE8192F9-FF2E-4AA1-818B-9303113CD355}.Release|Any CPU.Build.0 = Release|Any CPU
		{E473B969-89DA-452E-8E3D-0090B17E2A30}.Debug|Any CPU.ActiveCfg = Debug|Any CPU
		{E473B969-89DA-452E-8E3D-0090B17E2A30}.Debug|Any CPU.Build.0 = Debug|Any CPU
		{E473B969-89DA-452E-8E3D-0090B17E2A30}.Release|Any CPU.ActiveCfg = Release|Any CPU
		{E473B969-89DA-452E-8E3D-0090B17E2A30}.Release|Any CPU.Build.0 = Release|Any CPU
		{3B41D741-D794-4ADE-889A-D1E393D206E4}.Debug|Any CPU.ActiveCfg = Debug|Any CPU
		{3B41D741-D794-4ADE-889A-D1E393D206E4}.Debug|Any CPU.Build.0 = Debug|Any CPU
		{3B41D741-D794-4ADE-889A-D1E393D206E4}.Release|Any CPU.ActiveCfg = Release|Any CPU
		{3B41D741-D794-4ADE-889A-D1E393D206E4}.Release|Any CPU.Build.0 = Release|Any CPU
		{367EB8A9-8C15-4672-8EF4-6F515DA2F689}.Debug|Any CPU.ActiveCfg = Debug|Any CPU
		{367EB8A9-8C15-4672-8EF4-6F515DA2F689}.Debug|Any CPU.Build.0 = Debug|Any CPU
		{367EB8A9-8C15-4672-8EF4-6F515DA2F689}.Release|Any CPU.ActiveCfg = Release|Any CPU
		{367EB8A9-8C15-4672-8EF4-6F515DA2F689}.Release|Any CPU.Build.0 = Release|Any CPU
		{63F339B0-5C06-478F-B6F3-6F7B2839AAC9}.Debug|Any CPU.ActiveCfg = Debug|Any CPU
		{63F339B0-5C06-478F-B6F3-6F7B2839AAC9}.Debug|Any CPU.Build.0 = Debug|Any CPU
		{63F339B0-5C06-478F-B6F3-6F7B2839AAC9}.Release|Any CPU.ActiveCfg = Release|Any CPU
		{63F339B0-5C06-478F-B6F3-6F7B2839AAC9}.Release|Any CPU.Build.0 = Release|Any CPU
		{6A7D85AB-DD8E-41CE-8436-F15AC63AD399}.Debug|Any CPU.ActiveCfg = Debug|Any CPU
		{6A7D85AB-DD8E-41CE-8436-F15AC63AD399}.Debug|Any CPU.Build.0 = Debug|Any CPU
		{6A7D85AB-DD8E-41CE-8436-F15AC63AD399}.Release|Any CPU.ActiveCfg = Release|Any CPU
		{6A7D85AB-DD8E-41CE-8436-F15AC63AD399}.Release|Any CPU.Build.0 = Release|Any CPU
		{817AF5CC-5B45-47F6-A6EF-6675D1635C1C}.Debug|Any CPU.ActiveCfg = Debug|Any CPU
		{817AF5CC-5B45-47F6-A6EF-6675D1635C1C}.Debug|Any CPU.Build.0 = Debug|Any CPU
		{817AF5CC-5B45-47F6-A6EF-6675D1635C1C}.Release|Any CPU.ActiveCfg = Release|Any CPU
		{817AF5CC-5B45-47F6-A6EF-6675D1635C1C}.Release|Any CPU.Build.0 = Release|Any CPU
		{CD2F983A-60EA-494C-83C0-B5EB066E274B}.Debug|Any CPU.ActiveCfg = Debug|Any CPU
		{CD2F983A-60EA-494C-83C0-B5EB066E274B}.Debug|Any CPU.Build.0 = Debug|Any CPU
		{CD2F983A-60EA-494C-83C0-B5EB066E274B}.Release|Any CPU.ActiveCfg = Release|Any CPU
		{CD2F983A-60EA-494C-83C0-B5EB066E274B}.Release|Any CPU.Build.0 = Release|Any CPU
	EndGlobalSection
	GlobalSection(NestedProjects) = preSolution
		{6BFAC95E-5E81-420F-B446-CAE6EC2686E1} = {8FAE5934-5135-4834-B6FF-C23ECA276DB2}
		{01462CB1-FEB4-4BB3-9598-1D50D008DF2A} = {6BFAC95E-5E81-420F-B446-CAE6EC2686E1}
		{DE00ED80-1FBD-43AC-9C22-DE618782E23F} = {8FAE5934-5135-4834-B6FF-C23ECA276DB2}
		{C2F8DD78-B052-437D-AE84-E0C81733AF21} = {8FAE5934-5135-4834-B6FF-C23ECA276DB2}
		{BE4C5793-839A-4201-AEB2-822F94B5A6C2} = {8FAE5934-5135-4834-B6FF-C23ECA276DB2}
		{CE8192F9-FF2E-4AA1-818B-9303113CD355} = {B2141B57-5177-465B-9EE9-624B89310E04}
		{E473B969-89DA-452E-8E3D-0090B17E2A30} = {B2141B57-5177-465B-9EE9-624B89310E04}
		{3B41D741-D794-4ADE-889A-D1E393D206E4} = {B2141B57-5177-465B-9EE9-624B89310E04}
		{367EB8A9-8C15-4672-8EF4-6F515DA2F689} = {6BFAC95E-5E81-420F-B446-CAE6EC2686E1}
		{63F339B0-5C06-478F-B6F3-6F7B2839AAC9} = {8FAE5934-5135-4834-B6FF-C23ECA276DB2}
		{6A7D85AB-DD8E-41CE-8436-F15AC63AD399} = {8FAE5934-5135-4834-B6FF-C23ECA276DB2}
		{817AF5CC-5B45-47F6-A6EF-6675D1635C1C} = {6BFAC95E-5E81-420F-B446-CAE6EC2686E1}
		{CD2F983A-60EA-494C-83C0-B5EB066E274B} = {6BFAC95E-5E81-420F-B446-CAE6EC2686E1}
	EndGlobalSection
EndGlobal
